
Microsoft Visual Studio Solution File, Format Version 12.00
# Visual Studio Version 17
VisualStudioVersion = 17.0.31912.275
MinimumVisualStudioVersion = 10.0.40219.1
Project("{FAE04EC0-301F-11D3-BF4B-00C04F79EFBC}") = "AdventOfCode2017 CS", "AdventCode2017\AdventOfCode2017 CS.csproj", "{4A2032D7-D679-4BC4-9CC0-E7D8C04E3E7B}"
EndProject
Project("{FAE04EC0-301F-11D3-BF4B-00C04F79EFBC}") = "AdventOfCode2018 CS", "AdventCode2018\AdventOfCode2018 CS.csproj", "{20110DC2-10F5-4D19-A88B-91C3BA274E4D}"
EndProject
Project("{FAE04EC0-301F-11D3-BF4B-00C04F79EFBC}") = "TestAoC2018", "TestAoC2018\TestAoC2018.csproj", "{3C969DBB-EFC3-4147-B828-65B8081C6FAA}"
EndProject
Project("{888888A0-9F3D-457C-B088-3A5042F75D52}") = "AdventOfCode2017 Python", "AdventCode2017_Python\AdventOfCode2017 Python.pyproj", "{85E94653-49DE-4DF4-BB58-A355AC281A45}"
EndProject
Project("{888888A0-9F3D-457C-B088-3A5042F75D52}") = "AdventOfCode2019_Python", "AdventCode2019\AdventOfCode2019_Python.pyproj", "{F9F66764-D6CE-4828-BE90-9D0BF30E13E9}"
EndProject
Project("{9A19103F-16F7-4668-BE54-9A1E7A4F7556}") = "AdventOfCode2020CS", "AdventOfCode2020CS\AdventOfCode2020CS.csproj", "{75FA6678-4268-4324-BFF9-FF2D4C0A3014}"
EndProject
Project("{9A19103F-16F7-4668-BE54-9A1E7A4F7556}") = "TestAoC2020CS", "TestAoC2020CS\TestAoC2020CS.csproj", "{B2D6E32D-75F4-4A77-A375-CD39324F19C4}"
EndProject
Project("{9A19103F-16F7-4668-BE54-9A1E7A4F7556}") = "TestAoC2021", "TestAoC2021\TestAoC2021.csproj", "{1C39FE60-FCBB-4EC9-B30F-505842FCA803}"
EndProject
Project("{9A19103F-16F7-4668-BE54-9A1E7A4F7556}") = "AoC2021", "AoC2021\AoC2021.csproj", "{DBEC55AA-B514-4541-9341-E1B3B456B5CE}"
EndProject
Global
	GlobalSection(SolutionConfigurationPlatforms) = preSolution
		Debug|Any CPU = Debug|Any CPU
		Release|Any CPU = Release|Any CPU
	EndGlobalSection
	GlobalSection(ProjectConfigurationPlatforms) = postSolution
		{4A2032D7-D679-4BC4-9CC0-E7D8C04E3E7B}.Debug|Any CPU.ActiveCfg = Debug|Any CPU
		{4A2032D7-D679-4BC4-9CC0-E7D8C04E3E7B}.Debug|Any CPU.Build.0 = Debug|Any CPU
		{4A2032D7-D679-4BC4-9CC0-E7D8C04E3E7B}.Release|Any CPU.ActiveCfg = Release|Any CPU
		{4A2032D7-D679-4BC4-9CC0-E7D8C04E3E7B}.Release|Any CPU.Build.0 = Release|Any CPU
		{20110DC2-10F5-4D19-A88B-91C3BA274E4D}.Debug|Any CPU.ActiveCfg = Debug|Any CPU
		{20110DC2-10F5-4D19-A88B-91C3BA274E4D}.Debug|Any CPU.Build.0 = Debug|Any CPU
		{20110DC2-10F5-4D19-A88B-91C3BA274E4D}.Release|Any CPU.ActiveCfg = Release|Any CPU
		{20110DC2-10F5-4D19-A88B-91C3BA274E4D}.Release|Any CPU.Build.0 = Release|Any CPU
		{3C969DBB-EFC3-4147-B828-65B8081C6FAA}.Debug|Any CPU.ActiveCfg = Debug|Any CPU
		{3C969DBB-EFC3-4147-B828-65B8081C6FAA}.Debug|Any CPU.Build.0 = Debug|Any CPU
		{3C969DBB-EFC3-4147-B828-65B8081C6FAA}.Release|Any CPU.ActiveCfg = Release|Any CPU
		{3C969DBB-EFC3-4147-B828-65B8081C6FAA}.Release|Any CPU.Build.0 = Release|Any CPU
		{85E94653-49DE-4DF4-BB58-A355AC281A45}.Debug|Any CPU.ActiveCfg = Debug|Any CPU
		{85E94653-49DE-4DF4-BB58-A355AC281A45}.Release|Any CPU.ActiveCfg = Release|Any CPU
		{F9F66764-D6CE-4828-BE90-9D0BF30E13E9}.Debug|Any CPU.ActiveCfg = Debug|Any CPU
		{F9F66764-D6CE-4828-BE90-9D0BF30E13E9}.Release|Any CPU.ActiveCfg = Release|Any CPU
		{75FA6678-4268-4324-BFF9-FF2D4C0A3014}.Debug|Any CPU.ActiveCfg = Debug|Any CPU
		{75FA6678-4268-4324-BFF9-FF2D4C0A3014}.Debug|Any CPU.Build.0 = Debug|Any CPU
		{75FA6678-4268-4324-BFF9-FF2D4C0A3014}.Release|Any CPU.ActiveCfg = Release|Any CPU
		{75FA6678-4268-4324-BFF9-FF2D4C0A3014}.Release|Any CPU.Build.0 = Release|Any CPU
		{B2D6E32D-75F4-4A77-A375-CD39324F19C4}.Debug|Any CPU.ActiveCfg = Debug|Any CPU
		{B2D6E32D-75F4-4A77-A375-CD39324F19C4}.Debug|Any CPU.Build.0 = Debug|Any CPU
		{B2D6E32D-75F4-4A77-A375-CD39324F19C4}.Release|Any CPU.ActiveCfg = Release|Any CPU
		{B2D6E32D-75F4-4A77-A375-CD39324F19C4}.Release|Any CPU.Build.0 = Release|Any CPU
		{1C39FE60-FCBB-4EC9-B30F-505842FCA803}.Debug|Any CPU.ActiveCfg = Debug|Any CPU
		{1C39FE60-FCBB-4EC9-B30F-505842FCA803}.Debug|Any CPU.Build.0 = Debug|Any CPU
		{1C39FE60-FCBB-4EC9-B30F-505842FCA803}.Release|Any CPU.ActiveCfg = Release|Any CPU
		{1C39FE60-FCBB-4EC9-B30F-505842FCA803}.Release|Any CPU.Build.0 = Release|Any CPU
		{DBEC55AA-B514-4541-9341-E1B3B456B5CE}.Debug|Any CPU.ActiveCfg = Debug|Any CPU
		{DBEC55AA-B514-4541-9341-E1B3B456B5CE}.Debug|Any CPU.Build.0 = Debug|Any CPU
		{DBEC55AA-B514-4541-9341-E1B3B456B5CE}.Release|Any CPU.ActiveCfg = Release|Any CPU
		{DBEC55AA-B514-4541-9341-E1B3B456B5CE}.Release|Any CPU.Build.0 = Release|Any CPU
	EndGlobalSection
	GlobalSection(SolutionProperties) = preSolution
		HideSolutionNode = FALSE
	EndGlobalSection
	GlobalSection(ExtensibilityGlobals) = postSolution
		SolutionGuid = {60CA30F2-CF07-40CA-A671-76DCC445142A}
	EndGlobalSection
EndGlobal
